// !$*UTF8*$!
{
	archiveVersion = 1;
	classes = {
	};
	objectVersion = 56;
	objects = {

/* Begin PBXBuildFile section */
		A02BC2932A0B199800151E3C /* PDFViewController.swift in Sources */ = {isa = PBXBuildFile; fileRef = A02BC2922A0B199800151E3C /* PDFViewController.swift */; };
		A02BC2952A0B1B0000151E3C /* PDFViewController.storyboard in Resources */ = {isa = PBXBuildFile; fileRef = A02BC2942A0B1B0000151E3C /* PDFViewController.storyboard */; };
		A03901622A09C7CE00AB5ED0 /* StoryboardInstantiable.swift in Sources */ = {isa = PBXBuildFile; fileRef = A03901612A09C7CE00AB5ED0 /* StoryboardInstantiable.swift */; };
		A03901662A09D1D500AB5ED0 /* GCMEncryptor.swift in Sources */ = {isa = PBXBuildFile; fileRef = A03901652A09D1D500AB5ED0 /* GCMEncryptor.swift */; };
		A039016F2A09FB5C00AB5ED0 /* Assets.xcassets in Resources */ = {isa = PBXBuildFile; fileRef = A0AF9A832A08E42200F9D963 /* Assets.xcassets */; };
		A049FEBB2A0C7477002740E0 /* CryptoSwift in Frameworks */ = {isa = PBXBuildFile; productRef = A049FEBA2A0C7477002740E0 /* CryptoSwift */; };
		A07442692A0DBF320007247B /* CBCEncryptor.swift in Sources */ = {isa = PBXBuildFile; fileRef = A07442682A0DBF320007247B /* CBCEncryptor.swift */; };
		A074426B2A0DC0FC0007247B /* CBCEncryptorViewController.swift in Sources */ = {isa = PBXBuildFile; fileRef = A074426A2A0DC0FC0007247B /* CBCEncryptorViewController.swift */; };
		A074426D2A0DC1840007247B /* CBCEncryptorViewController.storyboard in Resources */ = {isa = PBXBuildFile; fileRef = A074426C2A0DC1840007247B /* CBCEncryptorViewController.storyboard */; };
		A074426F2A0DE0890007247B /* GCMDecryptor.swift in Sources */ = {isa = PBXBuildFile; fileRef = A074426E2A0DE0890007247B /* GCMDecryptor.swift */; };
		A074427A2A0DE1EC0007247B /* Lorem_ipsum.pdf in Resources */ = {isa = PBXBuildFile; fileRef = A07442782A0DE1200007247B /* Lorem_ipsum.pdf */; };
		A074427B2A0DE1EC0007247B /* test.jpg in Resources */ = {isa = PBXBuildFile; fileRef = A07442792A0DE1200007247B /* test.jpg */; };
		A074427C2A0DE1EC0007247B /* image.txt in Resources */ = {isa = PBXBuildFile; fileRef = A07442772A0DE1200007247B /* image.txt */; };
		A074427E2A0DE6950007247B /* CBCDecryptor.swift in Sources */ = {isa = PBXBuildFile; fileRef = A074427D2A0DE6950007247B /* CBCDecryptor.swift */; };
		A07442802A0DEFF40007247B /* CBCDecryptorViewController.swift in Sources */ = {isa = PBXBuildFile; fileRef = A074427F2A0DEFF40007247B /* CBCDecryptorViewController.swift */; };
		A07442822A0DF0010007247B /* CBCDecryptorViewController.storyboard in Resources */ = {isa = PBXBuildFile; fileRef = A07442812A0DF0010007247B /* CBCDecryptorViewController.storyboard */; };
		A07442842A0E08900007247B /* TestPDF.pdf in Resources */ = {isa = PBXBuildFile; fileRef = A07442832A0E08900007247B /* TestPDF.pdf */; };
		A0AF9A7B2A08E42100F9D963 /* AppDelegate.swift in Sources */ = {isa = PBXBuildFile; fileRef = A0AF9A7A2A08E42100F9D963 /* AppDelegate.swift */; };
		A0AF9A7D2A08E42100F9D963 /* SceneDelegate.swift in Sources */ = {isa = PBXBuildFile; fileRef = A0AF9A7C2A08E42100F9D963 /* SceneDelegate.swift */; };
		A0AF9A872A08E42200F9D963 /* LaunchScreen.storyboard in Resources */ = {isa = PBXBuildFile; fileRef = A0AF9A852A08E42200F9D963 /* LaunchScreen.storyboard */; };
		A0AF9A952A08E8F300F9D963 /* CryptoViewController.swift in Sources */ = {isa = PBXBuildFile; fileRef = A0AF9A942A08E8F300F9D963 /* CryptoViewController.swift */; };
		A0AF9A972A08E90200F9D963 /* CryptoViewController.storyboard in Resources */ = {isa = PBXBuildFile; fileRef = A0AF9A962A08E90200F9D963 /* CryptoViewController.storyboard */; };
/* End PBXBuildFile section */

/* Begin PBXFileReference section */
		A02BC2922A0B199800151E3C /* PDFViewController.swift */ = {isa = PBXFileReference; lastKnownFileType = sourcecode.swift; path = PDFViewController.swift; sourceTree = "<group>"; };
		A02BC2942A0B1B0000151E3C /* PDFViewController.storyboard */ = {isa = PBXFileReference; lastKnownFileType = file.storyboard; path = PDFViewController.storyboard; sourceTree = "<group>"; };
		A03901612A09C7CE00AB5ED0 /* StoryboardInstantiable.swift */ = {isa = PBXFileReference; lastKnownFileType = sourcecode.swift; path = StoryboardInstantiable.swift; sourceTree = "<group>"; };
		A03901652A09D1D500AB5ED0 /* GCMEncryptor.swift */ = {isa = PBXFileReference; lastKnownFileType = sourcecode.swift; path = GCMEncryptor.swift; sourceTree = "<group>"; };
		A07442682A0DBF320007247B /* CBCEncryptor.swift */ = {isa = PBXFileReference; lastKnownFileType = sourcecode.swift; path = CBCEncryptor.swift; sourceTree = "<group>"; };
		A074426A2A0DC0FC0007247B /* CBCEncryptorViewController.swift */ = {isa = PBXFileReference; lastKnownFileType = sourcecode.swift; path = CBCEncryptorViewController.swift; sourceTree = "<group>"; };
		A074426C2A0DC1840007247B /* CBCEncryptorViewController.storyboard */ = {isa = PBXFileReference; lastKnownFileType = file.storyboard; path = CBCEncryptorViewController.storyboard; sourceTree = "<group>"; };
		A074426E2A0DE0890007247B /* GCMDecryptor.swift */ = {isa = PBXFileReference; lastKnownFileType = sourcecode.swift; path = GCMDecryptor.swift; sourceTree = "<group>"; };
		A07442772A0DE1200007247B /* image.txt */ = {isa = PBXFileReference; lastKnownFileType = text; path = image.txt; sourceTree = "<group>"; };
		A07442782A0DE1200007247B /* Lorem_ipsum.pdf */ = {isa = PBXFileReference; lastKnownFileType = image.pdf; path = Lorem_ipsum.pdf; sourceTree = "<group>"; };
		A07442792A0DE1200007247B /* test.jpg */ = {isa = PBXFileReference; lastKnownFileType = image.jpeg; path = test.jpg; sourceTree = "<group>"; };
		A074427D2A0DE6950007247B /* CBCDecryptor.swift */ = {isa = PBXFileReference; lastKnownFileType = sourcecode.swift; path = CBCDecryptor.swift; sourceTree = "<group>"; };
		A074427F2A0DEFF40007247B /* CBCDecryptorViewController.swift */ = {isa = PBXFileReference; lastKnownFileType = sourcecode.swift; path = CBCDecryptorViewController.swift; sourceTree = "<group>"; };
		A07442812A0DF0010007247B /* CBCDecryptorViewController.storyboard */ = {isa = PBXFileReference; lastKnownFileType = file.storyboard; path = CBCDecryptorViewController.storyboard; sourceTree = "<group>"; };
		A07442832A0E08900007247B /* TestPDF.pdf */ = {isa = PBXFileReference; lastKnownFileType = image.pdf; name = TestPDF.pdf; path = ../../../../TestPDF.pdf; sourceTree = "<group>"; };
		A0AF9A772A08E42100F9D963 /* Crypto.app */ = {isa = PBXFileReference; explicitFileType = wrapper.application; includeInIndex = 0; path = Crypto.app; sourceTree = BUILT_PRODUCTS_DIR; };
		A0AF9A7A2A08E42100F9D963 /* AppDelegate.swift */ = {isa = PBXFileReference; lastKnownFileType = sourcecode.swift; path = AppDelegate.swift; sourceTree = "<group>"; };
		A0AF9A7C2A08E42100F9D963 /* SceneDelegate.swift */ = {isa = PBXFileReference; lastKnownFileType = sourcecode.swift; path = SceneDelegate.swift; sourceTree = "<group>"; };
		A0AF9A832A08E42200F9D963 /* Assets.xcassets */ = {isa = PBXFileReference; lastKnownFileType = folder.assetcatalog; path = Assets.xcassets; sourceTree = "<group>"; };
		A0AF9A862A08E42200F9D963 /* Base */ = {isa = PBXFileReference; lastKnownFileType = file.storyboard; name = Base; path = Base.lproj/LaunchScreen.storyboard; sourceTree = "<group>"; };
		A0AF9A882A08E42200F9D963 /* Info.plist */ = {isa = PBXFileReference; lastKnownFileType = text.plist.xml; path = Info.plist; sourceTree = "<group>"; };
		A0AF9A942A08E8F300F9D963 /* CryptoViewController.swift */ = {isa = PBXFileReference; lastKnownFileType = sourcecode.swift; path = CryptoViewController.swift; sourceTree = "<group>"; };
		A0AF9A962A08E90200F9D963 /* CryptoViewController.storyboard */ = {isa = PBXFileReference; lastKnownFileType = file.storyboard; path = CryptoViewController.storyboard; sourceTree = "<group>"; };
/* End PBXFileReference section */

/* Begin PBXFrameworksBuildPhase section */
		A0AF9A742A08E42100F9D963 /* Frameworks */ = {
			isa = PBXFrameworksBuildPhase;
			buildActionMask = 2147483647;
			files = (
				A049FEBB2A0C7477002740E0 /* CryptoSwift in Frameworks */,
			);
			runOnlyForDeploymentPostprocessing = 0;
		};
/* End PBXFrameworksBuildPhase section */

/* Begin PBXGroup section */
		A07442702A0DE0AB0007247B /* GCM */ = {
			isa = PBXGroup;
			children = (
				A074426E2A0DE0890007247B /* GCMDecryptor.swift */,
				A03901652A09D1D500AB5ED0 /* GCMEncryptor.swift */,
				A0AF9A942A08E8F300F9D963 /* CryptoViewController.swift */,
				A0AF9A962A08E90200F9D963 /* CryptoViewController.storyboard */,
			);
			path = GCM;
			sourceTree = "<group>";
		};
		A07442712A0DE0CB0007247B /* Utilities */ = {
			isa = PBXGroup;
			children = (
				A03901612A09C7CE00AB5ED0 /* StoryboardInstantiable.swift */,
			);
			path = Utilities;
			sourceTree = "<group>";
		};
		A07442722A0DE0D70007247B /* Application */ = {
			isa = PBXGroup;
			children = (
				A0AF9A7A2A08E42100F9D963 /* AppDelegate.swift */,
				A0AF9A7C2A08E42100F9D963 /* SceneDelegate.swift */,
			);
			path = Application;
			sourceTree = "<group>";
		};
		A07442732A0DE0E20007247B /* CBC */ = {
			isa = PBXGroup;
			children = (
				A07442682A0DBF320007247B /* CBCEncryptor.swift */,
				A074427D2A0DE6950007247B /* CBCDecryptor.swift */,
				A074426A2A0DC0FC0007247B /* CBCEncryptorViewController.swift */,
				A074426C2A0DC1840007247B /* CBCEncryptorViewController.storyboard */,
				A074427F2A0DEFF40007247B /* CBCDecryptorViewController.swift */,
				A07442812A0DF0010007247B /* CBCDecryptorViewController.storyboard */,
			);
			path = CBC;
			sourceTree = "<group>";
		};
		A07442742A0DE0F20007247B /* PDF */ = {
			isa = PBXGroup;
			children = (
				A02BC2922A0B199800151E3C /* PDFViewController.swift */,
				A02BC2942A0B1B0000151E3C /* PDFViewController.storyboard */,
			);
			path = PDF;
			sourceTree = "<group>";
		};
		A07442752A0DE1150007247B /* Resources */ = {
			isa = PBXGroup;
			children = (
				A07442782A0DE1200007247B /* Lorem_ipsum.pdf */,
				A07442792A0DE1200007247B /* test.jpg */,
				A07442772A0DE1200007247B /* image.txt */,
				A0AF9A832A08E42200F9D963 /* Assets.xcassets */,
				A0AF9A852A08E42200F9D963 /* LaunchScreen.storyboard */,
				A0AF9A882A08E42200F9D963 /* Info.plist */,
				A07442832A0E08900007247B /* TestPDF.pdf */,
			);
			path = Resources;
			sourceTree = "<group>";
		};
		A0AF9A6E2A08E42100F9D963 = {
			isa = PBXGroup;
			children = (
				A0AF9A792A08E42100F9D963 /* Crypto */,
				A0AF9A782A08E42100F9D963 /* Products */,
			);
			sourceTree = "<group>";
		};
		A0AF9A782A08E42100F9D963 /* Products */ = {
			isa = PBXGroup;
			children = (
				A0AF9A772A08E42100F9D963 /* Crypto.app */,
			);
			name = Products;
			sourceTree = "<group>";
		};
		A0AF9A792A08E42100F9D963 /* Crypto */ = {
			isa = PBXGroup;
			children = (
				A07442752A0DE1150007247B /* Resources */,
				A07442722A0DE0D70007247B /* Application */,
				A07442712A0DE0CB0007247B /* Utilities */,
				A07442742A0DE0F20007247B /* PDF */,
				A07442732A0DE0E20007247B /* CBC */,
				A07442702A0DE0AB0007247B /* GCM */,
			);
			path = Crypto;
			sourceTree = "<group>";
		};
/* End PBXGroup section */

/* Begin PBXNativeTarget section */
		A0AF9A762A08E42100F9D963 /* Crypto */ = {
			isa = PBXNativeTarget;
			buildConfigurationList = A0AF9A8B2A08E42200F9D963 /* Build configuration list for PBXNativeTarget "Crypto" */;
			buildPhases = (
				A0AF9A732A08E42100F9D963 /* Sources */,
				A0AF9A742A08E42100F9D963 /* Frameworks */,
				A0AF9A752A08E42100F9D963 /* Resources */,
			);
			buildRules = (
			);
			dependencies = (
			);
			name = Crypto;
			packageProductDependencies = (
				A049FEBA2A0C7477002740E0 /* CryptoSwift */,
			);
			productName = Crypto;
			productReference = A0AF9A772A08E42100F9D963 /* Crypto.app */;
			productType = "com.apple.product-type.application";
		};
/* End PBXNativeTarget section */

/* Begin PBXProject section */
		A0AF9A6F2A08E42100F9D963 /* Project object */ = {
			isa = PBXProject;
			attributes = {
				BuildIndependentTargetsInParallel = 1;
				LastSwiftUpdateCheck = 1420;
				LastUpgradeCheck = 1420;
				TargetAttributes = {
					A0AF9A762A08E42100F9D963 = {
						CreatedOnToolsVersion = 14.2;
					};
				};
			};
			buildConfigurationList = A0AF9A722A08E42100F9D963 /* Build configuration list for PBXProject "Crypto" */;
			compatibilityVersion = "Xcode 14.0";
			developmentRegion = en;
			hasScannedForEncodings = 0;
			knownRegions = (
				en,
				Base,
			);
			mainGroup = A0AF9A6E2A08E42100F9D963;
			packageReferences = (
				A049FEB92A0C7477002740E0 /* XCRemoteSwiftPackageReference "CryptoSwift" */,
			);
			productRefGroup = A0AF9A782A08E42100F9D963 /* Products */;
			projectDirPath = "";
			projectRoot = "";
			targets = (
				A0AF9A762A08E42100F9D963 /* Crypto */,
			);
		};
/* End PBXProject section */

/* Begin PBXResourcesBuildPhase section */
		A0AF9A752A08E42100F9D963 /* Resources */ = {
			isa = PBXResourcesBuildPhase;
			buildActionMask = 2147483647;
			files = (
				A074427A2A0DE1EC0007247B /* Lorem_ipsum.pdf in Resources */,
				A074427B2A0DE1EC0007247B /* test.jpg in Resources */,
				A074427C2A0DE1EC0007247B /* image.txt in Resources */,
				A039016F2A09FB5C00AB5ED0 /* Assets.xcassets in Resources */,
				A074426D2A0DC1840007247B /* CBCEncryptorViewController.storyboard in Resources */,
				A02BC2952A0B1B0000151E3C /* PDFViewController.storyboard in Resources */,
				A07442822A0DF0010007247B /* CBCDecryptorViewController.storyboard in Resources */,
				A07442842A0E08900007247B /* TestPDF.pdf in Resources */,
				A0AF9A872A08E42200F9D963 /* LaunchScreen.storyboard in Resources */,
				A0AF9A972A08E90200F9D963 /* CryptoViewController.storyboard in Resources */,
			);
			runOnlyForDeploymentPostprocessing = 0;
		};
/* End PBXResourcesBuildPhase section */

/* Begin PBXSourcesBuildPhase section */
		A0AF9A732A08E42100F9D963 /* Sources */ = {
			isa = PBXSourcesBuildPhase;
			buildActionMask = 2147483647;
			files = (
				A0AF9A7B2A08E42100F9D963 /* AppDelegate.swift in Sources */,
				A0AF9A7D2A08E42100F9D963 /* SceneDelegate.swift in Sources */,
				A03901662A09D1D500AB5ED0 /* GCMEncryptor.swift in Sources */,
				A074426B2A0DC0FC0007247B /* CBCEncryptorViewController.swift in Sources */,
				A02BC2932A0B199800151E3C /* PDFViewController.swift in Sources */,
				A074426F2A0DE0890007247B /* GCMDecryptor.swift in Sources */,
				A07442802A0DEFF40007247B /* CBCDecryptorViewController.swift in Sources */,
				A03901622A09C7CE00AB5ED0 /* StoryboardInstantiable.swift in Sources */,
				A074427E2A0DE6950007247B /* CBCDecryptor.swift in Sources */,
				A0AF9A952A08E8F300F9D963 /* CryptoViewController.swift in Sources */,
				A07442692A0DBF320007247B /* CBCEncryptor.swift in Sources */,
			);
			runOnlyForDeploymentPostprocessing = 0;
		};
/* End PBXSourcesBuildPhase section */

/* Begin PBXVariantGroup section */
		A0AF9A852A08E42200F9D963 /* LaunchScreen.storyboard */ = {
			isa = PBXVariantGroup;
			children = (
				A0AF9A862A08E42200F9D963 /* Base */,
			);
			name = LaunchScreen.storyboard;
			sourceTree = "<group>";
		};
/* End PBXVariantGroup section */

/* Begin XCBuildConfiguration section */
		A0AF9A892A08E42200F9D963 /* Debug */ = {
			isa = XCBuildConfiguration;
			buildSettings = {
				ALWAYS_SEARCH_USER_PATHS = NO;
				CLANG_ANALYZER_NONNULL = YES;
				CLANG_ANALYZER_NUMBER_OBJECT_CONVERSION = YES_AGGRESSIVE;
				CLANG_CXX_LANGUAGE_STANDARD = "gnu++20";
				CLANG_ENABLE_MODULES = YES;
				CLANG_ENABLE_OBJC_ARC = YES;
				CLANG_ENABLE_OBJC_WEAK = YES;
				CLANG_WARN_BLOCK_CAPTURE_AUTORELEASING = YES;
				CLANG_WARN_BOOL_CONVERSION = YES;
				CLANG_WARN_COMMA = YES;
				CLANG_WARN_CONSTANT_CONVERSION = YES;
				CLANG_WARN_DEPRECATED_OBJC_IMPLEMENTATIONS = YES;
				CLANG_WARN_DIRECT_OBJC_ISA_USAGE = YES_ERROR;
				CLANG_WARN_DOCUMENTATION_COMMENTS = YES;
				CLANG_WARN_EMPTY_BODY = YES;
				CLANG_WARN_ENUM_CONVERSION = YES;
				CLANG_WARN_INFINITE_RECURSION = YES;
				CLANG_WARN_INT_CONVERSION = YES;
				CLANG_WARN_NON_LITERAL_NULL_CONVERSION = YES;
				CLANG_WARN_OBJC_IMPLICIT_RETAIN_SELF = YES;
				CLANG_WARN_OBJC_LITERAL_CONVERSION = YES;
				CLANG_WARN_OBJC_ROOT_CLASS = YES_ERROR;
				CLANG_WARN_QUOTED_INCLUDE_IN_FRAMEWORK_HEADER = YES;
				CLANG_WARN_RANGE_LOOP_ANALYSIS = YES;
				CLANG_WARN_STRICT_PROTOTYPES = YES;
				CLANG_WARN_SUSPICIOUS_MOVE = YES;
				CLANG_WARN_UNGUARDED_AVAILABILITY = YES_AGGRESSIVE;
				CLANG_WARN_UNREACHABLE_CODE = YES;
				CLANG_WARN__DUPLICATE_METHOD_MATCH = YES;
				COPY_PHASE_STRIP = NO;
				DEBUG_INFORMATION_FORMAT = dwarf;
				ENABLE_STRICT_OBJC_MSGSEND = YES;
				ENABLE_TESTABILITY = YES;
				GCC_C_LANGUAGE_STANDARD = gnu11;
				GCC_DYNAMIC_NO_PIC = NO;
				GCC_NO_COMMON_BLOCKS = YES;
				GCC_OPTIMIZATION_LEVEL = 0;
				GCC_PREPROCESSOR_DEFINITIONS = (
					"DEBUG=1",
					"$(inherited)",
				);
				GCC_WARN_64_TO_32_BIT_CONVERSION = YES;
				GCC_WARN_ABOUT_RETURN_TYPE = YES_ERROR;
				GCC_WARN_UNDECLARED_SELECTOR = YES;
				GCC_WARN_UNINITIALIZED_AUTOS = YES_AGGRESSIVE;
				GCC_WARN_UNUSED_FUNCTION = YES;
				GCC_WARN_UNUSED_VARIABLE = YES;
				IPHONEOS_DEPLOYMENT_TARGET = 16.2;
				MTL_ENABLE_DEBUG_INFO = INCLUDE_SOURCE;
				MTL_FAST_MATH = YES;
				ONLY_ACTIVE_ARCH = YES;
				SDKROOT = iphoneos;
				SWIFT_ACTIVE_COMPILATION_CONDITIONS = DEBUG;
				SWIFT_OPTIMIZATION_LEVEL = "-Onone";
			};
			name = Debug;
		};
		A0AF9A8A2A08E42200F9D963 /* Release */ = {
			isa = XCBuildConfiguration;
			buildSettings = {
				ALWAYS_SEARCH_USER_PATHS = NO;
				CLANG_ANALYZER_NONNULL = YES;
				CLANG_ANALYZER_NUMBER_OBJECT_CONVERSION = YES_AGGRESSIVE;
				CLANG_CXX_LANGUAGE_STANDARD = "gnu++20";
				CLANG_ENABLE_MODULES = YES;
				CLANG_ENABLE_OBJC_ARC = YES;
				CLANG_ENABLE_OBJC_WEAK = YES;
				CLANG_WARN_BLOCK_CAPTURE_AUTORELEASING = YES;
				CLANG_WARN_BOOL_CONVERSION = YES;
				CLANG_WARN_COMMA = YES;
				CLANG_WARN_CONSTANT_CONVERSION = YES;
				CLANG_WARN_DEPRECATED_OBJC_IMPLEMENTATIONS = YES;
				CLANG_WARN_DIRECT_OBJC_ISA_USAGE = YES_ERROR;
				CLANG_WARN_DOCUMENTATION_COMMENTS = YES;
				CLANG_WARN_EMPTY_BODY = YES;
				CLANG_WARN_ENUM_CONVERSION = YES;
				CLANG_WARN_INFINITE_RECURSION = YES;
				CLANG_WARN_INT_CONVERSION = YES;
				CLANG_WARN_NON_LITERAL_NULL_CONVERSION = YES;
				CLANG_WARN_OBJC_IMPLICIT_RETAIN_SELF = YES;
				CLANG_WARN_OBJC_LITERAL_CONVERSION = YES;
				CLANG_WARN_OBJC_ROOT_CLASS = YES_ERROR;
				CLANG_WARN_QUOTED_INCLUDE_IN_FRAMEWORK_HEADER = YES;
				CLANG_WARN_RANGE_LOOP_ANALYSIS = YES;
				CLANG_WARN_STRICT_PROTOTYPES = YES;
				CLANG_WARN_SUSPICIOUS_MOVE = YES;
				CLANG_WARN_UNGUARDED_AVAILABILITY = YES_AGGRESSIVE;
				CLANG_WARN_UNREACHABLE_CODE = YES;
				CLANG_WARN__DUPLICATE_METHOD_MATCH = YES;
				COPY_PHASE_STRIP = NO;
				DEBUG_INFORMATION_FORMAT = "dwarf-with-dsym";
				ENABLE_NS_ASSERTIONS = NO;
				ENABLE_STRICT_OBJC_MSGSEND = YES;
				GCC_C_LANGUAGE_STANDARD = gnu11;
				GCC_NO_COMMON_BLOCKS = YES;
				GCC_WARN_64_TO_32_BIT_CONVERSION = YES;
				GCC_WARN_ABOUT_RETURN_TYPE = YES_ERROR;
				GCC_WARN_UNDECLARED_SELECTOR = YES;
				GCC_WARN_UNINITIALIZED_AUTOS = YES_AGGRESSIVE;
				GCC_WARN_UNUSED_FUNCTION = YES;
				GCC_WARN_UNUSED_VARIABLE = YES;
				IPHONEOS_DEPLOYMENT_TARGET = 16.2;
				MTL_ENABLE_DEBUG_INFO = NO;
				MTL_FAST_MATH = YES;
				SDKROOT = iphoneos;
				SWIFT_COMPILATION_MODE = wholemodule;
				SWIFT_OPTIMIZATION_LEVEL = "-O";
				VALIDATE_PRODUCT = YES;
			};
			name = Release;
		};
		A0AF9A8C2A08E42200F9D963 /* Debug */ = {
			isa = XCBuildConfiguration;
			buildSettings = {
				ASSETCATALOG_COMPILER_APPICON_NAME = AppIcon;
				ASSETCATALOG_COMPILER_GLOBAL_ACCENT_COLOR_NAME = AccentColor;
				CODE_SIGN_STYLE = Automatic;
				CURRENT_PROJECT_VERSION = 1;
				DEVELOPMENT_TEAM = 3ZJJVW89MW;
				GENERATE_INFOPLIST_FILE = YES;
				INFOPLIST_FILE = Crypto/Resources/Info.plist;
				INFOPLIST_KEY_UIApplicationSupportsIndirectInputEvents = YES;
				INFOPLIST_KEY_UILaunchStoryboardName = LaunchScreen;
				INFOPLIST_KEY_UISupportedInterfaceOrientations_iPad = "UIInterfaceOrientationPortrait UIInterfaceOrientationPortraitUpsideDown UIInterfaceOrientationLandscapeLeft UIInterfaceOrientationLandscapeRight";
				INFOPLIST_KEY_UISupportedInterfaceOrientations_iPhone = "UIInterfaceOrientationPortrait UIInterfaceOrientationLandscapeLeft UIInterfaceOrientationLandscapeRight";
				LD_RUNPATH_SEARCH_PATHS = (
					"$(inherited)",
					"@executable_path/Frameworks",
				);
				MARKETING_VERSION = 1.0;
				PRODUCT_BUNDLE_IDENTIFIER = com.horus222128.Crypto;
				PRODUCT_NAME = "$(TARGET_NAME)";
				SWIFT_EMIT_LOC_STRINGS = YES;
				SWIFT_VERSION = 5.0;
				TARGETED_DEVICE_FAMILY = "1,2";
			};
			name = Debug;
		};
		A0AF9A8D2A08E42200F9D963 /* Release */ = {
			isa = XCBuildConfiguration;
			buildSettings = {
				ASSETCATALOG_COMPILER_APPICON_NAME = AppIcon;
				ASSETCATALOG_COMPILER_GLOBAL_ACCENT_COLOR_NAME = AccentColor;
				CODE_SIGN_STYLE = Automatic;
				CURRENT_PROJECT_VERSION = 1;
				DEVELOPMENT_TEAM = 3ZJJVW89MW;
				GENERATE_INFOPLIST_FILE = YES;
				INFOPLIST_FILE = Crypto/Resources/Info.plist;
				INFOPLIST_KEY_UIApplicationSupportsIndirectInputEvents = YES;
				INFOPLIST_KEY_UILaunchStoryboardName = LaunchScreen;
				INFOPLIST_KEY_UISupportedInterfaceOrientations_iPad = "UIInterfaceOrientationPortrait UIInterfaceOrientationPortraitUpsideDown UIInterfaceOrientationLandscapeLeft UIInterfaceOrientationLandscapeRight";
				INFOPLIST_KEY_UISupportedInterfaceOrientations_iPhone = "UIInterfaceOrientationPortrait UIInterfaceOrientationLandscapeLeft UIInterfaceOrientationLandscapeRight";
				LD_RUNPATH_SEARCH_PATHS = (
					"$(inherited)",
					"@executable_path/Frameworks",
				);
				MARKETING_VERSION = 1.0;
				PRODUCT_BUNDLE_IDENTIFIER = com.horus222128.Crypto;
				PRODUCT_NAME = "$(TARGET_NAME)";
				SWIFT_EMIT_LOC_STRINGS = YES;
				SWIFT_VERSION = 5.0;
				TARGETED_DEVICE_FAMILY = "1,2";
			};
			name = Release;
		};
/* End XCBuildConfiguration section */

/* Begin XCConfigurationList section */
		A0AF9A722A08E42100F9D963 /* Build configuration list for PBXProject "Crypto" */ = {
			isa = XCConfigurationList;
			buildConfigurations = (
				A0AF9A892A08E42200F9D963 /* Debug */,
				A0AF9A8A2A08E42200F9D963 /* Release */,
			);
			defaultConfigurationIsVisible = 0;
			defaultConfigurationName = Release;
		};
		A0AF9A8B2A08E42200F9D963 /* Build configuration list for PBXNativeTarget "Crypto" */ = {
			isa = XCConfigurationList;
			buildConfigurations = (
				A0AF9A8C2A08E42200F9D963 /* Debug */,
				A0AF9A8D2A08E42200F9D963 /* Release */,
			);
			defaultConfigurationIsVisible = 0;
			defaultConfigurationName = Release;
		};
/* End XCConfigurationList section */

/* Begin XCRemoteSwiftPackageReference section */
		A049FEB92A0C7477002740E0 /* XCRemoteSwiftPackageReference "CryptoSwift" */ = {
			isa = XCRemoteSwiftPackageReference;
			repositoryURL = "https://github.com/krzyzanowskim/CryptoSwift";
			requirement = {
				kind = upToNextMajorVersion;
				minimumVersion = 1.0.0;
			};
		};
/* End XCRemoteSwiftPackageReference section */

/* Begin XCSwiftPackageProductDependency section */
		A049FEBA2A0C7477002740E0 /* CryptoSwift */ = {
			isa = XCSwiftPackageProductDependency;
			package = A049FEB92A0C7477002740E0 /* XCRemoteSwiftPackageReference "CryptoSwift" */;
			productName = CryptoSwift;
		};
/* End XCSwiftPackageProductDependency section */
	};
	rootObject = A0AF9A6F2A08E42100F9D963 /* Project object */;
}
